
Microsoft Visual Studio Solution File, Format Version 12.00
# Visual Studio 14
VisualStudioVersion = 14.0.24720.0
MinimumVisualStudioVersion = 10.0.40219.1
Project("{FAE04EC0-301F-11D3-BF4B-00C04F79EFBC}") = "KLST.ConnectOrg.App", "KLST.ConnectOrg.App\KLST.ConnectOrg.App.csproj", "{AABF9D22-08F3-4CBB-877E-D839EDABE250}"
EndProject
Project("{FAE04EC0-301F-11D3-BF4B-00C04F79EFBC}") = "KLST.ConnectOrg.AppWeb", "KLST.ConnectOrg.AppWeb\KLST.ConnectOrg.AppWeb.csproj", "{086E1BA1-EFFD-4261-A3E9-BADBEB5ADF6F}"
EndProject
Global
	GlobalSection(SolutionConfigurationPlatforms) = preSolution
		Debug|Any CPU = Debug|Any CPU
		Release|Any CPU = Release|Any CPU
	EndGlobalSection
	GlobalSection(ProjectConfigurationPlatforms) = postSolution
		{AABF9D22-08F3-4CBB-877E-D839EDABE250}.Debug|Any CPU.ActiveCfg = Debug|Any CPU
		{AABF9D22-08F3-4CBB-877E-D839EDABE250}.Debug|Any CPU.Build.0 = Debug|Any CPU
		{AABF9D22-08F3-4CBB-877E-D839EDABE250}.Debug|Any CPU.Deploy.0 = Debug|Any CPU
		{AABF9D22-08F3-4CBB-877E-D839EDABE250}.Release|Any CPU.ActiveCfg = Release|Any CPU
		{AABF9D22-08F3-4CBB-877E-D839EDABE250}.Release|Any CPU.Build.0 = Release|Any CPU
		{AABF9D22-08F3-4CBB-877E-D839EDABE250}.Release|Any CPU.Deploy.0 = Release|Any CPU
		{086E1BA1-EFFD-4261-A3E9-BADBEB5ADF6F}.Debug|Any CPU.ActiveCfg = Debug|Any CPU
		{086E1BA1-EFFD-4261-A3E9-BADBEB5ADF6F}.Debug|Any CPU.Build.0 = Debug|Any CPU
		{086E1BA1-EFFD-4261-A3E9-BADBEB5ADF6F}.Release|Any CPU.ActiveCfg = Release|Any CPU
		{086E1BA1-EFFD-4261-A3E9-BADBEB5ADF6F}.Release|Any CPU.Build.0 = Release|Any CPU
	EndGlobalSection
	GlobalSection(SolutionProperties) = preSolution
		HideSolutionNode = FALSE
	EndGlobalSection
EndGlobal
